<?xml version="1.0" encoding="utf-8"?>
<Project ToolsVersion="4.0" xmlns="http://schemas.microsoft.com/developer/msbuild/2003">
  <ItemGroup>
    <Filter Include="Source Files">
      <UniqueIdentifier>{4FC737F1-C7A5-4376-A066-2A32D752A2FF}</UniqueIdentifier>
      <Extensions>cpp;c;cc;cxx;c++;cppm;ixx;def;odl;idl;hpj;bat;asm;asmx</Extensions>
    </Filter>
    <Filter Include="Resource Files">
      <UniqueIdentifier>{67DA6AB6-F800-4c08-8B7A-83BB121AAD01}</UniqueIdentifier>
      <Extensions>rc;ico;cur;bmp;dlg;rc2;rct;bin;rgs;gif;jpg;jpeg;jpe;resx;tiff;tif;png;wav;mfcribbon-ms</Extensions>
    </Filter>
    <Filter Include="Source Files\main">
      <UniqueIdentifier>{ad9bc643-c427-46e6-bd8a-57cc73da0fc9}</UniqueIdentifier>
    </Filter>
    <Filter Include="Source Files\Texture">
      <UniqueIdentifier>{59cf46e3-62c9-48cc-98c5-45106ffce788}</UniqueIdentifier>
    </Filter>
    <Filter Include="Source Files\Mesh">
      <UniqueIdentifier>{fa0f1883-2a31-45b5-9c94-3149f67cd3da}</UniqueIdentifier>
    </Filter>
    <Filter Include="Source Files\tinydssloader">
      <UniqueIdentifier>{54a597bc-9f3a-470b-b4ed-249fbb31101b}</UniqueIdentifier>
    </Filter>
    <Filter Include="Source Files\Vulkan Boilerplate">
      <UniqueIdentifier>{3fd2d928-9fb1-4266-89a4-1e62d2002fb4}</UniqueIdentifier>
    </Filter>
    <Filter Include="Source Files\Vulkan Boilerplate\VertexBuffer">
      <UniqueIdentifier>{850bad27-0d09-4b3a-94e8-0aa14ab81b32}</UniqueIdentifier>
    </Filter>
    <Filter Include="Source Files\Vulkan Boilerplate\GraphicsPipeline">
      <UniqueIdentifier>{7d2daad2-1806-4276-9684-fb422a442c18}</UniqueIdentifier>
    </Filter>
  </ItemGroup>
  <ItemGroup>
    <ClInclude Include="resource.h" />
    <ClInclude Include="Src\vulkanGlobals.h">
      <Filter>Source Files\main</Filter>
    </ClInclude>
    <ClInclude Include="Src\Mesh.h">
      <Filter>Source Files\Mesh</Filter>
    </ClInclude>
    <ClInclude Include="Src\Texture.h">
      <Filter>Source Files\Texture</Filter>
    </ClInclude>
    <ClInclude Include="Src\tinyddsloader.h">
      <Filter>Source Files\tinydssloader</Filter>
    </ClInclude>
    <ClInclude Include="Src\VertexBuffer.h">
      <Filter>Source Files\Vulkan Boilerplate\VertexBuffer</Filter>
    </ClInclude>
    <ClInclude Include="Src\PushConstants.h">
      <Filter>Source Files</Filter>
    </ClInclude>
  </ItemGroup>
  <ItemGroup>
    <ClCompile Include="Src\main.cpp">
      <Filter>Source Files\main</Filter>
    </ClCompile>
    <ClCompile Include="Src\Mesh.cpp">
      <Filter>Source Files\Mesh</Filter>
    </ClCompile>
    <ClCompile Include="Src\Texture.cpp">
      <Filter>Source Files\Texture</Filter>
    </ClCompile>
    <ClCompile Include="Src\tinyddsloader.cpp">
      <Filter>Source Files\tinydssloader</Filter>
    </ClCompile>
    <ClCompile Include="Src\VertexBuffer.cpp">
      <Filter>Source Files\Vulkan Boilerplate\VertexBuffer</Filter>
    </ClCompile>
  </ItemGroup>
  <ItemGroup>
    <ResourceCompile Include="Student Project.rc">
      <Filter>Resource Files</Filter>
    </ResourceCompile>
  </ItemGroup>
</Project>