<?xml version="1.0" encoding="utf-8"?>
<Project ToolsVersion="17.0" xmlns="http://schemas.microsoft.com/developer/msbuild/2003">
  <ItemGroup>
    <ClCompile Include="C:\Users\Clem\Documents\Vulkan-Student-Project\OrangeEngine\src\main\main.cpp">
      <Filter>Source Files</Filter>
    </ClCompile>
  </ItemGroup>
  <ItemGroup>
    <CustomBuild Include="C:\Users\Clem\Documents\Vulkan-Student-Project\OrangeEngine\src\CMakeLists.txt" />
  </ItemGroup>
  <ItemGroup>
    <Filter Include="Source Files">
      <UniqueIdentifier>{A6341622-4A28-390B-9C7A-B8F9B751639C}</UniqueIdentifier>
    </Filter>
  </ItemGroup>
</Project>
